// !$*UTF8*$!
{
	archiveVersion = 1;
	classes = {
	};
	objectVersion = 50;
	objects = {

/* Begin PBXBuildFile section */
		3DC4D6E7D38084939CAB9629 /* Pods_CatRunner.framework in Frameworks */ = {isa = PBXBuildFile; fileRef = 660A83640F02F2C4A3F51446 /* Pods_CatRunner.framework */; };
		F3136A572187AD3300FC7183 /* MapViewController.swift in Sources */ = {isa = PBXBuildFile; fileRef = F3136A562187AD3300FC7183 /* MapViewController.swift */; };
		F329D04C2186EE8A00657555 /* Settings.swift in Sources */ = {isa = PBXBuildFile; fileRef = F329D04B2186EE8A00657555 /* Settings.swift */; };
		F32C4749218B2D2E00A4B781 /* MainTabBarViewController.swift in Sources */ = {isa = PBXBuildFile; fileRef = F32C4748218B2D2E00A4B781 /* MainTabBarViewController.swift */; };
		F383BCA5218449F90015CFAF /* AppDelegate.swift in Sources */ = {isa = PBXBuildFile; fileRef = F383BCA4218449F90015CFAF /* AppDelegate.swift */; };
		F383BCAA218449F90015CFAF /* Main.storyboard in Resources */ = {isa = PBXBuildFile; fileRef = F383BCA8218449F90015CFAF /* Main.storyboard */; };
		F383BCAC218449FA0015CFAF /* Assets.xcassets in Resources */ = {isa = PBXBuildFile; fileRef = F383BCAB218449FA0015CFAF /* Assets.xcassets */; };
		F383BCAF218449FA0015CFAF /* LaunchScreen.storyboard in Resources */ = {isa = PBXBuildFile; fileRef = F383BCAD218449FA0015CFAF /* LaunchScreen.storyboard */; };
		F3FBC2E32186520000F24EAB /* SettingsViewController.swift in Sources */ = {isa = PBXBuildFile; fileRef = F3FBC2E22186520000F24EAB /* SettingsViewController.swift */; };
		F3FBC2EA218652C800F24EAB /* HistoryViewController.swift in Sources */ = {isa = PBXBuildFile; fileRef = F3FBC2E9218652C800F24EAB /* HistoryViewController.swift */; };
		F3FBC2EC218652F200F24EAB /* ProfileViewController.swift in Sources */ = {isa = PBXBuildFile; fileRef = F3FBC2EB218652F200F24EAB /* ProfileViewController.swift */; };
		F3FBC2EE2186531500F24EAB /* StartViewController.swift in Sources */ = {isa = PBXBuildFile; fileRef = F3FBC2ED2186531500F24EAB /* StartViewController.swift */; };
		F3FBC2F02186533F00F24EAB /* History.swift in Sources */ = {isa = PBXBuildFile; fileRef = F3FBC2EF2186533F00F24EAB /* History.swift */; };
		F3FBC2F32186560900F24EAB /* HistoryViewCell.swift in Sources */ = {isa = PBXBuildFile; fileRef = F3FBC2F22186560900F24EAB /* HistoryViewCell.swift */; };
/* End PBXBuildFile section */

/* Begin PBXFileReference section */
		660A83640F02F2C4A3F51446 /* Pods_CatRunner.framework */ = {isa = PBXFileReference; explicitFileType = wrapper.framework; includeInIndex = 0; path = Pods_CatRunner.framework; sourceTree = BUILT_PRODUCTS_DIR; };
		9EB83DF0899D903C6892704B /* Pods-CatRunner.release.xcconfig */ = {isa = PBXFileReference; includeInIndex = 1; lastKnownFileType = text.xcconfig; name = "Pods-CatRunner.release.xcconfig"; path = "Pods/Target Support Files/Pods-CatRunner/Pods-CatRunner.release.xcconfig"; sourceTree = "<group>"; };
		EE2B9F7BC724C6D1EEF21C14 /* Pods-CatRunner.debug.xcconfig */ = {isa = PBXFileReference; includeInIndex = 1; lastKnownFileType = text.xcconfig; name = "Pods-CatRunner.debug.xcconfig"; path = "Pods/Target Support Files/Pods-CatRunner/Pods-CatRunner.debug.xcconfig"; sourceTree = "<group>"; };
		F3136A562187AD3300FC7183 /* MapViewController.swift */ = {isa = PBXFileReference; lastKnownFileType = sourcecode.swift; path = MapViewController.swift; sourceTree = "<group>"; };
		F329D04B2186EE8A00657555 /* Settings.swift */ = {isa = PBXFileReference; lastKnownFileType = sourcecode.swift; path = Settings.swift; sourceTree = "<group>"; };
		F32C4748218B2D2E00A4B781 /* MainTabBarViewController.swift */ = {isa = PBXFileReference; lastKnownFileType = sourcecode.swift; path = MainTabBarViewController.swift; sourceTree = "<group>"; };
		F383BCA1218449F90015CFAF /* CatRunner.app */ = {isa = PBXFileReference; explicitFileType = wrapper.application; includeInIndex = 0; path = CatRunner.app; sourceTree = BUILT_PRODUCTS_DIR; };
		F383BCA4218449F90015CFAF /* AppDelegate.swift */ = {isa = PBXFileReference; lastKnownFileType = sourcecode.swift; path = AppDelegate.swift; sourceTree = "<group>"; };
		F383BCA9218449F90015CFAF /* Base */ = {isa = PBXFileReference; lastKnownFileType = file.storyboard; name = Base; path = Base.lproj/Main.storyboard; sourceTree = "<group>"; };
		F383BCAB218449FA0015CFAF /* Assets.xcassets */ = {isa = PBXFileReference; lastKnownFileType = folder.assetcatalog; path = Assets.xcassets; sourceTree = "<group>"; };
		F383BCAE218449FA0015CFAF /* Base */ = {isa = PBXFileReference; lastKnownFileType = file.storyboard; name = Base; path = Base.lproj/LaunchScreen.storyboard; sourceTree = "<group>"; };
		F383BCB0218449FA0015CFAF /* Info.plist */ = {isa = PBXFileReference; lastKnownFileType = text.plist.xml; path = Info.plist; sourceTree = "<group>"; };
		F3FBC2E22186520000F24EAB /* SettingsViewController.swift */ = {isa = PBXFileReference; lastKnownFileType = sourcecode.swift; path = SettingsViewController.swift; sourceTree = "<group>"; };
		F3FBC2E9218652C800F24EAB /* HistoryViewController.swift */ = {isa = PBXFileReference; lastKnownFileType = sourcecode.swift; path = HistoryViewController.swift; sourceTree = "<group>"; };
		F3FBC2EB218652F200F24EAB /* ProfileViewController.swift */ = {isa = PBXFileReference; lastKnownFileType = sourcecode.swift; path = ProfileViewController.swift; sourceTree = "<group>"; };
		F3FBC2ED2186531500F24EAB /* StartViewController.swift */ = {isa = PBXFileReference; lastKnownFileType = sourcecode.swift; path = StartViewController.swift; sourceTree = "<group>"; };
		F3FBC2EF2186533F00F24EAB /* History.swift */ = {isa = PBXFileReference; lastKnownFileType = sourcecode.swift; path = History.swift; sourceTree = "<group>"; };
		F3FBC2F22186560900F24EAB /* HistoryViewCell.swift */ = {isa = PBXFileReference; lastKnownFileType = sourcecode.swift; path = HistoryViewCell.swift; sourceTree = "<group>"; };
/* End PBXFileReference section */

/* Begin PBXFrameworksBuildPhase section */
		F383BC9E218449F90015CFAF /* Frameworks */ = {
			isa = PBXFrameworksBuildPhase;
			buildActionMask = 2147483647;
			files = (
				3DC4D6E7D38084939CAB9629 /* Pods_CatRunner.framework in Frameworks */,
			);
			runOnlyForDeploymentPostprocessing = 0;
		};
/* End PBXFrameworksBuildPhase section */

/* Begin PBXGroup section */
		96CFA8563E9A93D7931FEA8A /* Pods */ = {
			isa = PBXGroup;
			children = (
				EE2B9F7BC724C6D1EEF21C14 /* Pods-CatRunner.debug.xcconfig */,
				9EB83DF0899D903C6892704B /* Pods-CatRunner.release.xcconfig */,
			);
			name = Pods;
			sourceTree = "<group>";
		};
		990B54AFE392A25C6BA55909 /* Frameworks */ = {
			isa = PBXGroup;
			children = (
				660A83640F02F2C4A3F51446 /* Pods_CatRunner.framework */,
			);
			name = Frameworks;
			sourceTree = "<group>";
		};
		F32C474A218B2F3300A4B781 /* View Cells */ = {
			isa = PBXGroup;
			children = (
				F3FBC2F22186560900F24EAB /* HistoryViewCell.swift */,
			);
			path = "View Cells";
			sourceTree = "<group>";
		};
		F383BC98218449F90015CFAF = {
			isa = PBXGroup;
			children = (
				F383BCA3218449F90015CFAF /* CatRunner */,
				F383BCA2218449F90015CFAF /* Products */,
				96CFA8563E9A93D7931FEA8A /* Pods */,
				990B54AFE392A25C6BA55909 /* Frameworks */,
			);
			sourceTree = "<group>";
		};
		F383BCA2218449F90015CFAF /* Products */ = {
			isa = PBXGroup;
			children = (
				F383BCA1218449F90015CFAF /* CatRunner.app */,
			);
			name = Products;
			sourceTree = "<group>";
		};
		F383BCA3218449F90015CFAF /* CatRunner */ = {
			isa = PBXGroup;
			children = (
				F383BCA4218449F90015CFAF /* AppDelegate.swift */,
				F3FBC2F12186534300F24EAB /* Model */,
				F3FBC2E42186520500F24EAB /* View Controllers */,
				F32C474A218B2F3300A4B781 /* View Cells */,
				F383BCAB218449FA0015CFAF /* Assets.xcassets */,
				F383BCA8218449F90015CFAF /* Main.storyboard */,
				F383BCAD218449FA0015CFAF /* LaunchScreen.storyboard */,
				F383BCB0218449FA0015CFAF /* Info.plist */,
			);
			path = CatRunner;
			sourceTree = "<group>";
		};
		F3FBC2E42186520500F24EAB /* View Controllers */ = {
			isa = PBXGroup;
			children = (
				F32C4748218B2D2E00A4B781 /* MainTabBarViewController.swift */,
				F3136A562187AD3300FC7183 /* MapViewController.swift */,
				F3FBC2ED2186531500F24EAB /* StartViewController.swift */,
				F3FBC2EB218652F200F24EAB /* ProfileViewController.swift */,
				F3FBC2E9218652C800F24EAB /* HistoryViewController.swift */,
				F3FBC2E22186520000F24EAB /* SettingsViewController.swift */,
			);
			path = "View Controllers";
			sourceTree = "<group>";
		};
		F3FBC2F12186534300F24EAB /* Model */ = {
			isa = PBXGroup;
			children = (
				F3FBC2EF2186533F00F24EAB /* History.swift */,
				F329D04B2186EE8A00657555 /* Settings.swift */,
			);
			path = Model;
			sourceTree = "<group>";
		};
/* End PBXGroup section */

/* Begin PBXNativeTarget section */
		F383BCA0218449F90015CFAF /* CatRunner */ = {
			isa = PBXNativeTarget;
			buildConfigurationList = F383BCB3218449FA0015CFAF /* Build configuration list for PBXNativeTarget "CatRunner" */;
			buildPhases = (
				47AFE2D5A8ED15CF630BDF53 /* [CP] Check Pods Manifest.lock */,
				F383BC9D218449F90015CFAF /* Sources */,
				F383BC9E218449F90015CFAF /* Frameworks */,
				F383BC9F218449F90015CFAF /* Resources */,
				A2A13A58AA4CBAA30B4F4FA5 /* [CP] Copy Pods Resources */,
			);
			buildRules = (
			);
			dependencies = (
			);
			name = CatRunner;
			productName = CatRunner;
			productReference = F383BCA1218449F90015CFAF /* CatRunner.app */;
			productType = "com.apple.product-type.application";
		};
/* End PBXNativeTarget section */

/* Begin PBXProject section */
		F383BC99218449F90015CFAF /* Project object */ = {
			isa = PBXProject;
			attributes = {
				LastSwiftUpdateCheck = 1000;
				LastUpgradeCheck = 1000;
				ORGANIZATIONNAME = "Kiryl Holubeu";
				TargetAttributes = {
					F383BCA0218449F90015CFAF = {
						CreatedOnToolsVersion = 10.0;
					};
				};
			};
			buildConfigurationList = F383BC9C218449F90015CFAF /* Build configuration list for PBXProject "CatRunner" */;
			compatibilityVersion = "Xcode 9.3";
			developmentRegion = en;
			hasScannedForEncodings = 0;
			knownRegions = (
				en,
				Base,
			);
			mainGroup = F383BC98218449F90015CFAF;
			productRefGroup = F383BCA2218449F90015CFAF /* Products */;
			projectDirPath = "";
			projectRoot = "";
			targets = (
				F383BCA0218449F90015CFAF /* CatRunner */,
			);
		};
/* End PBXProject section */

/* Begin PBXResourcesBuildPhase section */
		F383BC9F218449F90015CFAF /* Resources */ = {
			isa = PBXResourcesBuildPhase;
			buildActionMask = 2147483647;
			files = (
				F383BCAF218449FA0015CFAF /* LaunchScreen.storyboard in Resources */,
				F383BCAC218449FA0015CFAF /* Assets.xcassets in Resources */,
				F383BCAA218449F90015CFAF /* Main.storyboard in Resources */,
			);
			runOnlyForDeploymentPostprocessing = 0;
		};
/* End PBXResourcesBuildPhase section */

/* Begin PBXShellScriptBuildPhase section */
		47AFE2D5A8ED15CF630BDF53 /* [CP] Check Pods Manifest.lock */ = {
			isa = PBXShellScriptBuildPhase;
			buildActionMask = 2147483647;
			files = (
			);
			inputFileListPaths = (
			);
			inputPaths = (
				"${PODS_PODFILE_DIR_PATH}/Podfile.lock",
				"${PODS_ROOT}/Manifest.lock",
			);
			name = "[CP] Check Pods Manifest.lock";
			outputFileListPaths = (
			);
			outputPaths = (
				"$(DERIVED_FILE_DIR)/Pods-CatRunner-checkManifestLockResult.txt",
			);
			runOnlyForDeploymentPostprocessing = 0;
			shellPath = /bin/sh;
			shellScript = "diff \"${PODS_PODFILE_DIR_PATH}/Podfile.lock\" \"${PODS_ROOT}/Manifest.lock\" > /dev/null\nif [ $? != 0 ] ; then\n    # print error to STDERR\n    echo \"error: The sandbox is not in sync with the Podfile.lock. Run 'pod install' or update your CocoaPods installation.\" >&2\n    exit 1\nfi\n# This output is used by Xcode 'outputs' to avoid re-running this script phase.\necho \"SUCCESS\" > \"${SCRIPT_OUTPUT_FILE_0}\"\n";
			showEnvVarsInLog = 0;
		};
		A2A13A58AA4CBAA30B4F4FA5 /* [CP] Copy Pods Resources */ = {
			isa = PBXShellScriptBuildPhase;
			buildActionMask = 2147483647;
			files = (
			);
			inputFileListPaths = (
			);
			inputPaths = (
				"${SRCROOT}/Pods/Target Support Files/Pods-CatRunner/Pods-CatRunner-resources.sh",
				"${PODS_ROOT}/GoogleMaps/Maps/Frameworks/GoogleMaps.framework/Resources/GoogleMaps.bundle",
				"${PODS_ROOT}/GooglePlaces/Frameworks/GooglePlaces.framework/Resources/GooglePlaces.bundle",
			);
			name = "[CP] Copy Pods Resources";
			outputFileListPaths = (
			);
			outputPaths = (
				"${TARGET_BUILD_DIR}/${UNLOCALIZED_RESOURCES_FOLDER_PATH}/GoogleMaps.bundle",
				"${TARGET_BUILD_DIR}/${UNLOCALIZED_RESOURCES_FOLDER_PATH}/GooglePlaces.bundle",
			);
			runOnlyForDeploymentPostprocessing = 0;
			shellPath = /bin/sh;
			shellScript = "\"${SRCROOT}/Pods/Target Support Files/Pods-CatRunner/Pods-CatRunner-resources.sh\"\n";
			showEnvVarsInLog = 0;
		};
/* End PBXShellScriptBuildPhase section */

/* Begin PBXSourcesBuildPhase section */
		F383BC9D218449F90015CFAF /* Sources */ = {
			isa = PBXSourcesBuildPhase;
			buildActionMask = 2147483647;
			files = (
				F383BCA5218449F90015CFAF /* AppDelegate.swift in Sources */,
				F3FBC2F02186533F00F24EAB /* History.swift in Sources */,
				F329D04C2186EE8A00657555 /* Settings.swift in Sources */,
				F3FBC2EC218652F200F24EAB /* ProfileViewController.swift in Sources */,
				F3136A572187AD3300FC7183 /* MapViewController.swift in Sources */,
				F32C4749218B2D2E00A4B781 /* MainTabBarViewController.swift in Sources */,
				F3FBC2E32186520000F24EAB /* SettingsViewController.swift in Sources */,
				F3FBC2F32186560900F24EAB /* HistoryViewCell.swift in Sources */,
				F3FBC2EA218652C800F24EAB /* HistoryViewController.swift in Sources */,
				F3FBC2EE2186531500F24EAB /* StartViewController.swift in Sources */,
			);
			runOnlyForDeploymentPostprocessing = 0;
		};
/* End PBXSourcesBuildPhase section */

/* Begin PBXVariantGroup section */
		F383BCA8218449F90015CFAF /* Main.storyboard */ = {
			isa = PBXVariantGroup;
			children = (
				F383BCA9218449F90015CFAF /* Base */,
			);
			name = Main.storyboard;
			sourceTree = "<group>";
		};
		F383BCAD218449FA0015CFAF /* LaunchScreen.storyboard */ = {
			isa = PBXVariantGroup;
			children = (
				F383BCAE218449FA0015CFAF /* Base */,
			);
			name = LaunchScreen.storyboard;
			sourceTree = "<group>";
		};
/* End PBXVariantGroup section */

/* Begin XCBuildConfiguration section */
		F383BCB1218449FA0015CFAF /* Debug */ = {
			isa = XCBuildConfiguration;
			buildSettings = {
				ALWAYS_SEARCH_USER_PATHS = NO;
				CLANG_ANALYZER_NONNULL = YES;
				CLANG_ANALYZER_NUMBER_OBJECT_CONVERSION = YES_AGGRESSIVE;
				CLANG_CXX_LANGUAGE_STANDARD = "gnu++14";
				CLANG_CXX_LIBRARY = "libc++";
				CLANG_ENABLE_MODULES = YES;
				CLANG_ENABLE_OBJC_ARC = YES;
				CLANG_ENABLE_OBJC_WEAK = YES;
				CLANG_WARN_BLOCK_CAPTURE_AUTORELEASING = YES;
				CLANG_WARN_BOOL_CONVERSION = YES;
				CLANG_WARN_COMMA = YES;
				CLANG_WARN_CONSTANT_CONVERSION = YES;
				CLANG_WARN_DEPRECATED_OBJC_IMPLEMENTATIONS = YES;
				CLANG_WARN_DIRECT_OBJC_ISA_USAGE = YES_ERROR;
				CLANG_WARN_DOCUMENTATION_COMMENTS = YES;
				CLANG_WARN_EMPTY_BODY = YES;
				CLANG_WARN_ENUM_CONVERSION = YES;
				CLANG_WARN_INFINITE_RECURSION = YES;
				CLANG_WARN_INT_CONVERSION = YES;
				CLANG_WARN_NON_LITERAL_NULL_CONVERSION = YES;
				CLANG_WARN_OBJC_IMPLICIT_RETAIN_SELF = YES;
				CLANG_WARN_OBJC_LITERAL_CONVERSION = YES;
				CLANG_WARN_OBJC_ROOT_CLASS = YES_ERROR;
				CLANG_WARN_RANGE_LOOP_ANALYSIS = YES;
				CLANG_WARN_STRICT_PROTOTYPES = YES;
				CLANG_WARN_SUSPICIOUS_MOVE = YES;
				CLANG_WARN_UNGUARDED_AVAILABILITY = YES_AGGRESSIVE;
				CLANG_WARN_UNREACHABLE_CODE = YES;
				CLANG_WARN__DUPLICATE_METHOD_MATCH = YES;
				CODE_SIGN_IDENTITY = "iPhone Developer";
				COPY_PHASE_STRIP = NO;
				DEBUG_INFORMATION_FORMAT = dwarf;
				ENABLE_STRICT_OBJC_MSGSEND = YES;
				ENABLE_TESTABILITY = YES;
				GCC_C_LANGUAGE_STANDARD = gnu11;
				GCC_DYNAMIC_NO_PIC = NO;
				GCC_NO_COMMON_BLOCKS = YES;
				GCC_OPTIMIZATION_LEVEL = 0;
				GCC_PREPROCESSOR_DEFINITIONS = (
					"DEBUG=1",
					"$(inherited)",
				);
				GCC_WARN_64_TO_32_BIT_CONVERSION = YES;
				GCC_WARN_ABOUT_RETURN_TYPE = YES_ERROR;
				GCC_WARN_UNDECLARED_SELECTOR = YES;
				GCC_WARN_UNINITIALIZED_AUTOS = YES_AGGRESSIVE;
				GCC_WARN_UNUSED_FUNCTION = YES;
				GCC_WARN_UNUSED_VARIABLE = YES;
				IPHONEOS_DEPLOYMENT_TARGET = 12.0;
				MTL_ENABLE_DEBUG_INFO = INCLUDE_SOURCE;
				MTL_FAST_MATH = YES;
				ONLY_ACTIVE_ARCH = YES;
				SDKROOT = iphoneos;
				SWIFT_ACTIVE_COMPILATION_CONDITIONS = DEBUG;
				SWIFT_OPTIMIZATION_LEVEL = "-Onone";
			};
			name = Debug;
		};
		F383BCB2218449FA0015CFAF /* Release */ = {
			isa = XCBuildConfiguration;
			buildSettings = {
				ALWAYS_SEARCH_USER_PATHS = NO;
				CLANG_ANALYZER_NONNULL = YES;
				CLANG_ANALYZER_NUMBER_OBJECT_CONVERSION = YES_AGGRESSIVE;
				CLANG_CXX_LANGUAGE_STANDARD = "gnu++14";
				CLANG_CXX_LIBRARY = "libc++";
				CLANG_ENABLE_MODULES = YES;
				CLANG_ENABLE_OBJC_ARC = YES;
				CLANG_ENABLE_OBJC_WEAK = YES;
				CLANG_WARN_BLOCK_CAPTURE_AUTORELEASING = YES;
				CLANG_WARN_BOOL_CONVERSION = YES;
				CLANG_WARN_COMMA = YES;
				CLANG_WARN_CONSTANT_CONVERSION = YES;
				CLANG_WARN_DEPRECATED_OBJC_IMPLEMENTATIONS = YES;
				CLANG_WARN_DIRECT_OBJC_ISA_USAGE = YES_ERROR;
				CLANG_WARN_DOCUMENTATION_COMMENTS = YES;
				CLANG_WARN_EMPTY_BODY = YES;
				CLANG_WARN_ENUM_CONVERSION = YES;
				CLANG_WARN_INFINITE_RECURSION = YES;
				CLANG_WARN_INT_CONVERSION = YES;
				CLANG_WARN_NON_LITERAL_NULL_CONVERSION = YES;
				CLANG_WARN_OBJC_IMPLICIT_RETAIN_SELF = YES;
				CLANG_WARN_OBJC_LITERAL_CONVERSION = YES;
				CLANG_WARN_OBJC_ROOT_CLASS = YES_ERROR;
				CLANG_WARN_RANGE_LOOP_ANALYSIS = YES;
				CLANG_WARN_STRICT_PROTOTYPES = YES;
				CLANG_WARN_SUSPICIOUS_MOVE = YES;
				CLANG_WARN_UNGUARDED_AVAILABILITY = YES_AGGRESSIVE;
				CLANG_WARN_UNREACHABLE_CODE = YES;
				CLANG_WARN__DUPLICATE_METHOD_MATCH = YES;
				CODE_SIGN_IDENTITY = "iPhone Developer";
				COPY_PHASE_STRIP = NO;
				DEBUG_INFORMATION_FORMAT = "dwarf-with-dsym";
				ENABLE_NS_ASSERTIONS = NO;
				ENABLE_STRICT_OBJC_MSGSEND = YES;
				GCC_C_LANGUAGE_STANDARD = gnu11;
				GCC_NO_COMMON_BLOCKS = YES;
				GCC_WARN_64_TO_32_BIT_CONVERSION = YES;
				GCC_WARN_ABOUT_RETURN_TYPE = YES_ERROR;
				GCC_WARN_UNDECLARED_SELECTOR = YES;
				GCC_WARN_UNINITIALIZED_AUTOS = YES_AGGRESSIVE;
				GCC_WARN_UNUSED_FUNCTION = YES;
				GCC_WARN_UNUSED_VARIABLE = YES;
				IPHONEOS_DEPLOYMENT_TARGET = 12.0;
				MTL_ENABLE_DEBUG_INFO = NO;
				MTL_FAST_MATH = YES;
				SDKROOT = iphoneos;
				SWIFT_COMPILATION_MODE = wholemodule;
				SWIFT_OPTIMIZATION_LEVEL = "-O";
				VALIDATE_PRODUCT = YES;
			};
			name = Release;
		};
		F383BCB4218449FA0015CFAF /* Debug */ = {
			isa = XCBuildConfiguration;
			baseConfigurationReference = EE2B9F7BC724C6D1EEF21C14 /* Pods-CatRunner.debug.xcconfig */;
			buildSettings = {
				ASSETCATALOG_COMPILER_APPICON_NAME = AppIcon;
				CODE_SIGN_STYLE = Automatic;
				DEVELOPMENT_TEAM = 47K9CVZBFJ;
				INFOPLIST_FILE = CatRunner/Info.plist;
				LD_RUNPATH_SEARCH_PATHS = (
					"$(inherited)",
					"@executable_path/Frameworks",
				);
				PRODUCT_BUNDLE_IDENTIFIER = com.CatRunner.CatRunner;
				PRODUCT_NAME = "$(TARGET_NAME)";
				SWIFT_VERSION = 4.2;
				TARGETED_DEVICE_FAMILY = "1,2";
			};
			name = Debug;
		};
		F383BCB5218449FA0015CFAF /* Release */ = {
			isa = XCBuildConfiguration;
			baseConfigurationReference = 9EB83DF0899D903C6892704B /* Pods-CatRunner.release.xcconfig */;
			buildSettings = {
				ASSETCATALOG_COMPILER_APPICON_NAME = AppIcon;
				CODE_SIGN_STYLE = Automatic;
				DEVELOPMENT_TEAM = 47K9CVZBFJ;
				INFOPLIST_FILE = CatRunner/Info.plist;
				LD_RUNPATH_SEARCH_PATHS = (
					"$(inherited)",
					"@executable_path/Frameworks",
				);
				PRODUCT_BUNDLE_IDENTIFIER = com.CatRunner.CatRunner;
				PRODUCT_NAME = "$(TARGET_NAME)";
				SWIFT_VERSION = 4.2;
				TARGETED_DEVICE_FAMILY = "1,2";
			};
			name = Release;
		};
/* End XCBuildConfiguration section */

/* Begin XCConfigurationList section */
		F383BC9C218449F90015CFAF /* Build configuration list for PBXProject "CatRunner" */ = {
			isa = XCConfigurationList;
			buildConfigurations = (
				F383BCB1218449FA0015CFAF /* Debug */,
				F383BCB2218449FA0015CFAF /* Release */,
			);
			defaultConfigurationIsVisible = 0;
			defaultConfigurationName = Release;
		};
		F383BCB3218449FA0015CFAF /* Build configuration list for PBXNativeTarget "CatRunner" */ = {
			isa = XCConfigurationList;
			buildConfigurations = (
				F383BCB4218449FA0015CFAF /* Debug */,
				F383BCB5218449FA0015CFAF /* Release */,
			);
			defaultConfigurationIsVisible = 0;
			defaultConfigurationName = Release;
		};
/* End XCConfigurationList section */
	};
	rootObject = F383BC99218449F90015CFAF /* Project object */;
}
